
Microsoft Visual Studio Solution File, Format Version 12.00
# Visual Studio Version 16
VisualStudioVersion = 16.0.30523.141
MinimumVisualStudioVersion = 10.0.40219.1
Project("{8BC9CEB8-8B4A-11D0-8D11-00A0C91BC942}") = "3B2", "3B2.vcxproj", "{5045DD0F-F8D2-4C23-B979-726A3867890C}"
EndProject
Global
	GlobalSection(SolutionConfigurationPlatforms) = preSolution
		Debug|x64 = Debug|x64
		Debug|x86 = Debug|x86
		Release|x64 = Release|x64
		Release|x86 = Release|x86
	EndGlobalSection
	GlobalSection(ProjectConfigurationPlatforms) = postSolution
		{5045DD0F-F8D2-4C23-B979-726A3867890C}.Debug|x64.ActiveCfg = Debug|x64
		{5045DD0F-F8D2-4C23-B979-726A3867890C}.Debug|x64.Build.0 = Debug|x64
		{5045DD0F-F8D2-4C23-B979-726A3867890C}.Debug|x86.ActiveCfg = Debug|Win32
		{5045DD0F-F8D2-4C23-B979-726A3867890C}.Debug|x86.Build.0 = Debug|Win32
		{5045DD0F-F8D2-4C23-B979-726A3867890C}.Release|x64.ActiveCfg = Release|x64
		{5045DD0F-F8D2-4C23-B979-726A3867890C}.Release|x64.Build.0 = Release|x64
		{5045DD0F-F8D2-4C23-B979-726A3867890C}.Release|x86.ActiveCfg = Release|Win32
		{5045DD0F-F8D2-4C23-B979-726A3867890C}.Release|x86.Build.0 = Release|Win32
	EndGlobalSection
	GlobalSection(SolutionProperties) = preSolution
		HideSolutionNode = FALSE
	EndGlobalSection
	GlobalSection(ExtensibilityGlobals) = postSolution
		SolutionGuid = {0E8A64BC-CAE4-445E-87C7-4D2D92E9224B}
	EndGlobalSection
EndGlobal
