
Microsoft Visual Studio Solution File, Format Version 12.00
# Visual Studio Version 16
VisualStudioVersion = 16.0.30621.155
MinimumVisualStudioVersion = 10.0.40219.1
Project("{8BC9CEB8-8B4A-11D0-8D11-00A0C91BC942}") = "LAB6A", "LAB6A.vcxproj", "{18FB4787-A609-433E-BC95-3303493CB327}"
EndProject
Global
	GlobalSection(SolutionConfigurationPlatforms) = preSolution
		Debug|x64 = Debug|x64
		Debug|x86 = Debug|x86
		Release|x64 = Release|x64
		Release|x86 = Release|x86
	EndGlobalSection
	GlobalSection(ProjectConfigurationPlatforms) = postSolution
		{18FB4787-A609-433E-BC95-3303493CB327}.Debug|x64.ActiveCfg = Debug|x64
		{18FB4787-A609-433E-BC95-3303493CB327}.Debug|x64.Build.0 = Debug|x64
		{18FB4787-A609-433E-BC95-3303493CB327}.Debug|x86.ActiveCfg = Debug|Win32
		{18FB4787-A609-433E-BC95-3303493CB327}.Debug|x86.Build.0 = Debug|Win32
		{18FB4787-A609-433E-BC95-3303493CB327}.Release|x64.ActiveCfg = Release|x64
		{18FB4787-A609-433E-BC95-3303493CB327}.Release|x64.Build.0 = Release|x64
		{18FB4787-A609-433E-BC95-3303493CB327}.Release|x86.ActiveCfg = Release|Win32
		{18FB4787-A609-433E-BC95-3303493CB327}.Release|x86.Build.0 = Release|Win32
	EndGlobalSection
	GlobalSection(SolutionProperties) = preSolution
		HideSolutionNode = FALSE
	EndGlobalSection
	GlobalSection(ExtensibilityGlobals) = postSolution
		SolutionGuid = {37A483A4-18FF-418A-A02C-8DA6F242BFD1}
	EndGlobalSection
EndGlobal
